{
  "name": "recorder",
  "version": "1.0.0",
  "lockfileVersion": 1,
  "requires": true,
  "dependencies": {
    "dayjs": {
      "version": "1.8.23",
      "resolved": "https://registry.npmjs.org/dayjs/-/dayjs-1.8.23.tgz",
      "integrity": "sha512-NmYHMFONftoZbeOhVz6jfiXI4zSiPN6NoVWJgC0aZQfYVwzy/ZpESPHuCcI0B8BUMpSJQ08zenHDbofOLKq8hQ=="
    },
    "miniprogram-api-promise": {
      "version": "1.0.4",
      "resolved": "https://registry.npmjs.org/miniprogram-api-promise/-/miniprogram-api-promise-1.0.4.tgz",
      "integrity": "sha512-lS2ukj03Ugy8IJUDmdssklLT4kjzyRtVYwErhyDZkzxtqcxaed2xldRgNrsikigeMUBR9gAs7wgnjSKPlyKIYg=="
    },
    "wux-weapp": {
      "version": "3.8.5",
      "resolved": "https://registry.npmjs.org/wux-weapp/-/wux-weapp-3.8.5.tgz",
      "integrity": "sha512-KvRgVA/S9skfgq9YjTEPCR5+vIvmOYG4hGcopO5u9tGfW2FFNw9wrywL3Jl8L9GRGnr2xZ/r5wSbk2GtiiY2eQ=="
    }
  }
}
